// !$*UTF8*$!
{
	archiveVersion = 1;
	classes = {
	};
	objectVersion = 55;
	objects = {

/* Begin PBXBuildFile section */
		95B917AF293EBC870021B05A /* AppDelegate.swift in Sources */ = {isa = PBXBuildFile; fileRef = 95B917AE293EBC870021B05A /* AppDelegate.swift */; };
		95B917B1293EBC870021B05A /* SceneDelegate.swift in Sources */ = {isa = PBXBuildFile; fileRef = 95B917B0293EBC870021B05A /* SceneDelegate.swift */; };
		95B917B3293EBC870021B05A /* RocketVC.swift in Sources */ = {isa = PBXBuildFile; fileRef = 95B917B2293EBC870021B05A /* RocketVC.swift */; };
		95B917B6293EBC870021B05A /* Main.storyboard in Resources */ = {isa = PBXBuildFile; fileRef = 95B917B4293EBC870021B05A /* Main.storyboard */; };
		95B917B8293EBC880021B05A /* Assets.xcassets in Resources */ = {isa = PBXBuildFile; fileRef = 95B917B7293EBC880021B05A /* Assets.xcassets */; };
		95B917BB293EBC880021B05A /* LaunchScreen.storyboard in Resources */ = {isa = PBXBuildFile; fileRef = 95B917B9293EBC880021B05A /* LaunchScreen.storyboard */; };
		95B917C3293EBE280021B05A /* RocketVerticalCell.swift in Sources */ = {isa = PBXBuildFile; fileRef = 95B917C2293EBE280021B05A /* RocketVerticalCell.swift */; };
		95B917C5294020B60021B05A /* RocketHeaderCell.swift in Sources */ = {isa = PBXBuildFile; fileRef = 95B917C4294020B60021B05A /* RocketHeaderCell.swift */; };
		95B917C7294026CB0021B05A /* RocketHorizontalItemCell.swift in Sources */ = {isa = PBXBuildFile; fileRef = 95B917C6294026CB0021B05A /* RocketHorizontalItemCell.swift */; };
		95B917CE29403EC20021B05A /* GlobalSettings.swift in Sources */ = {isa = PBXBuildFile; fileRef = 95B917CD29403EC20021B05A /* GlobalSettings.swift */; };
		95B917D0294054870021B05A /* RocketLaunchButtonCell.swift in Sources */ = {isa = PBXBuildFile; fileRef = 95B917CF294054870021B05A /* RocketLaunchButtonCell.swift */; };
		95B917D2294059D00021B05A /* NetworkLayer.swift in Sources */ = {isa = PBXBuildFile; fileRef = 95B917D1294059D00021B05A /* NetworkLayer.swift */; };
		95B917D4294059FF0021B05A /* RocketDataProvider.swift in Sources */ = {isa = PBXBuildFile; fileRef = 95B917D3294059FF0021B05A /* RocketDataProvider.swift */; };
		95B917D729405A230021B05A /* RocketModel.swift in Sources */ = {isa = PBXBuildFile; fileRef = 95B917D529405A230021B05A /* RocketModel.swift */; };
		95B917E0294069D90021B05A /* RocketViewModel.swift in Sources */ = {isa = PBXBuildFile; fileRef = 95B917DF294069D90021B05A /* RocketViewModel.swift */; };
		95B917E229406C450021B05A /* UserSettings.swift in Sources */ = {isa = PBXBuildFile; fileRef = 95B917E129406C450021B05A /* UserSettings.swift */; };
		95B917E7294161700021B05A /* SettingsVC.swift in Sources */ = {isa = PBXBuildFile; fileRef = 95B917E6294161700021B05A /* SettingsVC.swift */; };
		95B917EA294161D50021B05A /* SettingsCell.swift in Sources */ = {isa = PBXBuildFile; fileRef = 95B917E9294161D50021B05A /* SettingsCell.swift */; };
		95B917EC294289DB0021B05A /* RocketCellItem.swift in Sources */ = {isa = PBXBuildFile; fileRef = 95B917EB294289DB0021B05A /* RocketCellItem.swift */; };
		95B917EE2945A1030021B05A /* MainPageVC.swift in Sources */ = {isa = PBXBuildFile; fileRef = 95B917ED2945A1030021B05A /* MainPageVC.swift */; };
		95B917F32946C78D0021B05A /* LaunchModel.swift in Sources */ = {isa = PBXBuildFile; fileRef = 95B917F22946C78D0021B05A /* LaunchModel.swift */; };
		95B917F62946DD1A0021B05A /* LaunchDataProvider.swift in Sources */ = {isa = PBXBuildFile; fileRef = 95B917F52946DD1A0021B05A /* LaunchDataProvider.swift */; };
		95B917F82946EB6D0021B05A /* LaunchVC.swift in Sources */ = {isa = PBXBuildFile; fileRef = 95B917F72946EB6D0021B05A /* LaunchVC.swift */; };
		95B917FA2946EE1B0021B05A /* LaunchCell.swift in Sources */ = {isa = PBXBuildFile; fileRef = 95B917F92946EE1B0021B05A /* LaunchCell.swift */; };
		95B917FC2946FA720021B05A /* LaunchViewModel.swift in Sources */ = {isa = PBXBuildFile; fileRef = 95B917FB2946FA720021B05A /* LaunchViewModel.swift */; };
		95B917FF294E4D4C0021B05A /* LaunchCellItem.swift in Sources */ = {isa = PBXBuildFile; fileRef = 95B917FE294E4D4C0021B05A /* LaunchCellItem.swift */; };
		95B91802294E76CF0021B05A /* SettingsViewModel.swift in Sources */ = {isa = PBXBuildFile; fileRef = 95B91801294E76CF0021B05A /* SettingsViewModel.swift */; };
		95B91805294E83B70021B05A /* SettingsCellItem.swift in Sources */ = {isa = PBXBuildFile; fileRef = 95B91804294E83B70021B05A /* SettingsCellItem.swift */; };
		95B91809295A61E40021B05A /* RocketVerticalStageHeader.swift in Sources */ = {isa = PBXBuildFile; fileRef = 95B91808295A61E40021B05A /* RocketVerticalStageHeader.swift */; };
		E2A8A6582F3CD24E2DA92A21 /* Pods_SpaceX_MVVM.framework in Frameworks */ = {isa = PBXBuildFile; fileRef = E77EEBC5291A26E0253E33A3 /* Pods_SpaceX_MVVM.framework */; };
/* End PBXBuildFile section */

/* Begin PBXFileReference section */
		2EF361C9B8BBDC93FF6C99E2 /* Pods-SpaceX MVVM.release.xcconfig */ = {isa = PBXFileReference; includeInIndex = 1; lastKnownFileType = text.xcconfig; name = "Pods-SpaceX MVVM.release.xcconfig"; path = "Target Support Files/Pods-SpaceX MVVM/Pods-SpaceX MVVM.release.xcconfig"; sourceTree = "<group>"; };
		95B917AB293EBC870021B05A /* SpaceX MVVM.app */ = {isa = PBXFileReference; explicitFileType = wrapper.application; includeInIndex = 0; path = "SpaceX MVVM.app"; sourceTree = BUILT_PRODUCTS_DIR; };
		95B917AE293EBC870021B05A /* AppDelegate.swift */ = {isa = PBXFileReference; lastKnownFileType = sourcecode.swift; path = AppDelegate.swift; sourceTree = "<group>"; };
		95B917B0293EBC870021B05A /* SceneDelegate.swift */ = {isa = PBXFileReference; lastKnownFileType = sourcecode.swift; path = SceneDelegate.swift; sourceTree = "<group>"; };
		95B917B2293EBC870021B05A /* RocketVC.swift */ = {isa = PBXFileReference; lastKnownFileType = sourcecode.swift; path = RocketVC.swift; sourceTree = "<group>"; };
		95B917B5293EBC870021B05A /* Base */ = {isa = PBXFileReference; lastKnownFileType = file.storyboard; name = Base; path = Base.lproj/Main.storyboard; sourceTree = "<group>"; };
		95B917B7293EBC880021B05A /* Assets.xcassets */ = {isa = PBXFileReference; lastKnownFileType = folder.assetcatalog; path = Assets.xcassets; sourceTree = "<group>"; };
		95B917BA293EBC880021B05A /* Base */ = {isa = PBXFileReference; lastKnownFileType = file.storyboard; name = Base; path = Base.lproj/LaunchScreen.storyboard; sourceTree = "<group>"; };
		95B917BC293EBC880021B05A /* Info.plist */ = {isa = PBXFileReference; lastKnownFileType = text.plist.xml; path = Info.plist; sourceTree = "<group>"; };
		95B917C2293EBE280021B05A /* RocketVerticalCell.swift */ = {isa = PBXFileReference; lastKnownFileType = sourcecode.swift; path = RocketVerticalCell.swift; sourceTree = "<group>"; };
		95B917C4294020B60021B05A /* RocketHeaderCell.swift */ = {isa = PBXFileReference; lastKnownFileType = sourcecode.swift; path = RocketHeaderCell.swift; sourceTree = "<group>"; };
		95B917C6294026CB0021B05A /* RocketHorizontalItemCell.swift */ = {isa = PBXFileReference; lastKnownFileType = sourcecode.swift; path = RocketHorizontalItemCell.swift; sourceTree = "<group>"; };
		95B917CD29403EC20021B05A /* GlobalSettings.swift */ = {isa = PBXFileReference; fileEncoding = 4; lastKnownFileType = sourcecode.swift; path = GlobalSettings.swift; sourceTree = "<group>"; };
		95B917CF294054870021B05A /* RocketLaunchButtonCell.swift */ = {isa = PBXFileReference; lastKnownFileType = sourcecode.swift; path = RocketLaunchButtonCell.swift; sourceTree = "<group>"; };
		95B917D1294059D00021B05A /* NetworkLayer.swift */ = {isa = PBXFileReference; fileEncoding = 4; lastKnownFileType = sourcecode.swift; path = NetworkLayer.swift; sourceTree = "<group>"; };
		95B917D3294059FF0021B05A /* RocketDataProvider.swift */ = {isa = PBXFileReference; fileEncoding = 4; lastKnownFileType = sourcecode.swift; path = RocketDataProvider.swift; sourceTree = "<group>"; };
		95B917D529405A230021B05A /* RocketModel.swift */ = {isa = PBXFileReference; fileEncoding = 4; lastKnownFileType = sourcecode.swift; path = RocketModel.swift; sourceTree = "<group>"; };
		95B917DF294069D90021B05A /* RocketViewModel.swift */ = {isa = PBXFileReference; lastKnownFileType = sourcecode.swift; path = RocketViewModel.swift; sourceTree = "<group>"; };
		95B917E129406C450021B05A /* UserSettings.swift */ = {isa = PBXFileReference; lastKnownFileType = sourcecode.swift; path = UserSettings.swift; sourceTree = "<group>"; };
		95B917E6294161700021B05A /* SettingsVC.swift */ = {isa = PBXFileReference; lastKnownFileType = sourcecode.swift; path = SettingsVC.swift; sourceTree = "<group>"; };
		95B917E9294161D50021B05A /* SettingsCell.swift */ = {isa = PBXFileReference; lastKnownFileType = sourcecode.swift; path = SettingsCell.swift; sourceTree = "<group>"; };
		95B917EB294289DB0021B05A /* RocketCellItem.swift */ = {isa = PBXFileReference; lastKnownFileType = sourcecode.swift; path = RocketCellItem.swift; sourceTree = "<group>"; };
		95B917ED2945A1030021B05A /* MainPageVC.swift */ = {isa = PBXFileReference; lastKnownFileType = sourcecode.swift; path = MainPageVC.swift; sourceTree = "<group>"; };
		95B917F22946C78D0021B05A /* LaunchModel.swift */ = {isa = PBXFileReference; lastKnownFileType = sourcecode.swift; path = LaunchModel.swift; sourceTree = "<group>"; };
		95B917F52946DD1A0021B05A /* LaunchDataProvider.swift */ = {isa = PBXFileReference; lastKnownFileType = sourcecode.swift; path = LaunchDataProvider.swift; sourceTree = "<group>"; };
		95B917F72946EB6D0021B05A /* LaunchVC.swift */ = {isa = PBXFileReference; lastKnownFileType = sourcecode.swift; path = LaunchVC.swift; sourceTree = "<group>"; };
		95B917F92946EE1B0021B05A /* LaunchCell.swift */ = {isa = PBXFileReference; lastKnownFileType = sourcecode.swift; path = LaunchCell.swift; sourceTree = "<group>"; };
		95B917FB2946FA720021B05A /* LaunchViewModel.swift */ = {isa = PBXFileReference; lastKnownFileType = sourcecode.swift; path = LaunchViewModel.swift; sourceTree = "<group>"; };
		95B917FE294E4D4C0021B05A /* LaunchCellItem.swift */ = {isa = PBXFileReference; lastKnownFileType = sourcecode.swift; path = LaunchCellItem.swift; sourceTree = "<group>"; };
		95B91801294E76CF0021B05A /* SettingsViewModel.swift */ = {isa = PBXFileReference; lastKnownFileType = sourcecode.swift; path = SettingsViewModel.swift; sourceTree = "<group>"; };
		95B91804294E83B70021B05A /* SettingsCellItem.swift */ = {isa = PBXFileReference; lastKnownFileType = sourcecode.swift; path = SettingsCellItem.swift; sourceTree = "<group>"; };
		95B91808295A61E40021B05A /* RocketVerticalStageHeader.swift */ = {isa = PBXFileReference; lastKnownFileType = sourcecode.swift; path = RocketVerticalStageHeader.swift; sourceTree = "<group>"; };
		AF0E17AD49692B2DE2B3907B /* Pods-SpaceX MVVM.debug.xcconfig */ = {isa = PBXFileReference; includeInIndex = 1; lastKnownFileType = text.xcconfig; name = "Pods-SpaceX MVVM.debug.xcconfig"; path = "Target Support Files/Pods-SpaceX MVVM/Pods-SpaceX MVVM.debug.xcconfig"; sourceTree = "<group>"; };
		E77EEBC5291A26E0253E33A3 /* Pods_SpaceX_MVVM.framework */ = {isa = PBXFileReference; explicitFileType = wrapper.framework; includeInIndex = 0; path = Pods_SpaceX_MVVM.framework; sourceTree = BUILT_PRODUCTS_DIR; };
/* End PBXFileReference section */

/* Begin PBXFrameworksBuildPhase section */
		95B917A8293EBC870021B05A /* Frameworks */ = {
			isa = PBXFrameworksBuildPhase;
			buildActionMask = 2147483647;
			files = (
				E2A8A6582F3CD24E2DA92A21 /* Pods_SpaceX_MVVM.framework in Frameworks */,
			);
			runOnlyForDeploymentPostprocessing = 0;
		};
/* End PBXFrameworksBuildPhase section */

/* Begin PBXGroup section */
		4A034FB30ED8043FC4EB149C /* Pods */ = {
			isa = PBXGroup;
			children = (
				AF0E17AD49692B2DE2B3907B /* Pods-SpaceX MVVM.debug.xcconfig */,
				2EF361C9B8BBDC93FF6C99E2 /* Pods-SpaceX MVVM.release.xcconfig */,
			);
			path = Pods;
			sourceTree = "<group>";
		};
		95B917A2293EBC870021B05A = {
			isa = PBXGroup;
			children = (
				95B917AD293EBC870021B05A /* SpaceX MVVM */,
				95B917AC293EBC870021B05A /* Products */,
				4A034FB30ED8043FC4EB149C /* Pods */,
				DFAD1872E7BCDF467B0AFC82 /* Frameworks */,
			);
			sourceTree = "<group>";
		};
		95B917AC293EBC870021B05A /* Products */ = {
			isa = PBXGroup;
			children = (
				95B917AB293EBC870021B05A /* SpaceX MVVM.app */,
			);
			name = Products;
			sourceTree = "<group>";
		};
		95B917AD293EBC870021B05A /* SpaceX MVVM */ = {
			isa = PBXGroup;
			children = (
				95B917DE2940697F0021B05A /* Services */,
				95B917E3294152650021B05A /* Screens */,
				95B917BC293EBC880021B05A /* Info.plist */,
				95B917DD2940694F0021B05A /* Other */,
			);
			path = "SpaceX MVVM";
			sourceTree = "<group>";
		};
		95B917D9294068F90021B05A /* Model */ = {
			isa = PBXGroup;
			children = (
				95B917D3294059FF0021B05A /* RocketDataProvider.swift */,
				95B917D529405A230021B05A /* RocketModel.swift */,
				95B917EB294289DB0021B05A /* RocketCellItem.swift */,
			);
			path = Model;
			sourceTree = "<group>";
		};
		95B917DA294069100021B05A /* Main */ = {
			isa = PBXGroup;
			children = (
				95B917DC294069280021B05A /* View */,
				95B917DB2940691E0021B05A /* ViewModel */,
				95B917D9294068F90021B05A /* Model */,
			);
			path = Main;
			sourceTree = "<group>";
		};
		95B917DB2940691E0021B05A /* ViewModel */ = {
			isa = PBXGroup;
			children = (
				95B917DF294069D90021B05A /* RocketViewModel.swift */,
			);
			path = ViewModel;
			sourceTree = "<group>";
		};
		95B917DC294069280021B05A /* View */ = {
			isa = PBXGroup;
			children = (
				95B917B2293EBC870021B05A /* RocketVC.swift */,
				95B917ED2945A1030021B05A /* MainPageVC.swift */,
				95B917C2293EBE280021B05A /* RocketVerticalCell.swift */,
				95B91808295A61E40021B05A /* RocketVerticalStageHeader.swift */,
				95B917C4294020B60021B05A /* RocketHeaderCell.swift */,
				95B917CF294054870021B05A /* RocketLaunchButtonCell.swift */,
				95B917C6294026CB0021B05A /* RocketHorizontalItemCell.swift */,
			);
			path = View;
			sourceTree = "<group>";
		};
		95B917DD2940694F0021B05A /* Other */ = {
			isa = PBXGroup;
			children = (
				95B917B4293EBC870021B05A /* Main.storyboard */,
				95B917B7293EBC880021B05A /* Assets.xcassets */,
				95B917B9293EBC880021B05A /* LaunchScreen.storyboard */,
				95B917AE293EBC870021B05A /* AppDelegate.swift */,
				95B917B0293EBC870021B05A /* SceneDelegate.swift */,
			);
			path = Other;
			sourceTree = "<group>";
		};
		95B917DE2940697F0021B05A /* Services */ = {
			isa = PBXGroup;
			children = (
				95B917E129406C450021B05A /* UserSettings.swift */,
				95B917D1294059D00021B05A /* NetworkLayer.swift */,
				95B917CD29403EC20021B05A /* GlobalSettings.swift */,
			);
			path = Services;
			sourceTree = "<group>";
		};
		95B917E3294152650021B05A /* Screens */ = {
			isa = PBXGroup;
			children = (
				95B917E5294152990021B05A /* Launches */,
				95B917E42941528A0021B05A /* Settings */,
				95B917DA294069100021B05A /* Main */,
			);
			path = Screens;
			sourceTree = "<group>";
		};
		95B917E42941528A0021B05A /* Settings */ = {
			isa = PBXGroup;
			children = (
				95B91803294E7C650021B05A /* Model */,
				95B91800294E767C0021B05A /* ViewModel */,
				95B917E8294161C00021B05A /* View */,
			);
			path = Settings;
			sourceTree = "<group>";
		};
		95B917E5294152990021B05A /* Launches */ = {
			isa = PBXGroup;
			children = (
				95B917F12946C6BF0021B05A /* ViewModel */,
				95B917F02946C6B90021B05A /* View */,
				95B917EF2946C6AA0021B05A /* Model */,
			);
			path = Launches;
			sourceTree = "<group>";
		};
		95B917E8294161C00021B05A /* View */ = {
			isa = PBXGroup;
			children = (
				95B917E6294161700021B05A /* SettingsVC.swift */,
				95B917E9294161D50021B05A /* SettingsCell.swift */,
			);
			path = View;
			sourceTree = "<group>";
		};
		95B917EF2946C6AA0021B05A /* Model */ = {
			isa = PBXGroup;
			children = (
				95B917F22946C78D0021B05A /* LaunchModel.swift */,
				95B917FE294E4D4C0021B05A /* LaunchCellItem.swift */,
				95B917F52946DD1A0021B05A /* LaunchDataProvider.swift */,
			);
			path = Model;
			sourceTree = "<group>";
		};
		95B917F02946C6B90021B05A /* View */ = {
			isa = PBXGroup;
			children = (
				95B917F72946EB6D0021B05A /* LaunchVC.swift */,
				95B917F92946EE1B0021B05A /* LaunchCell.swift */,
			);
			path = View;
			sourceTree = "<group>";
		};
		95B917F12946C6BF0021B05A /* ViewModel */ = {
			isa = PBXGroup;
			children = (
				95B917FB2946FA720021B05A /* LaunchViewModel.swift */,
			);
			path = ViewModel;
			sourceTree = "<group>";
		};
		95B91800294E767C0021B05A /* ViewModel */ = {
			isa = PBXGroup;
			children = (
				95B91801294E76CF0021B05A /* SettingsViewModel.swift */,
			);
			path = ViewModel;
			sourceTree = "<group>";
		};
		95B91803294E7C650021B05A /* Model */ = {
			isa = PBXGroup;
			children = (
				95B91804294E83B70021B05A /* SettingsCellItem.swift */,
			);
			path = Model;
			sourceTree = "<group>";
		};
		DFAD1872E7BCDF467B0AFC82 /* Frameworks */ = {
			isa = PBXGroup;
			children = (
				E77EEBC5291A26E0253E33A3 /* Pods_SpaceX_MVVM.framework */,
			);
			name = Frameworks;
			sourceTree = "<group>";
		};
/* End PBXGroup section */

/* Begin PBXNativeTarget section */
		95B917AA293EBC870021B05A /* SpaceX MVVM */ = {
			isa = PBXNativeTarget;
			buildConfigurationList = 95B917BF293EBC880021B05A /* Build configuration list for PBXNativeTarget "SpaceX MVVM" */;
			buildPhases = (
				E51208F34EF61970F12E0F5F /* [CP] Check Pods Manifest.lock */,
				95B917A7293EBC870021B05A /* Sources */,
				95B917A8293EBC870021B05A /* Frameworks */,
				95B917A9293EBC870021B05A /* Resources */,
				95B917FD294A4FA70021B05A /* ShellScript */,
			);
			buildRules = (
			);
			dependencies = (
			);
			name = "SpaceX MVVM";
			productName = "SpaceX MVVM";
			productReference = 95B917AB293EBC870021B05A /* SpaceX MVVM.app */;
			productType = "com.apple.product-type.application";
		};
/* End PBXNativeTarget section */

/* Begin PBXProject section */
		95B917A3293EBC870021B05A /* Project object */ = {
			isa = PBXProject;
			attributes = {
				BuildIndependentTargetsInParallel = 1;
				LastSwiftUpdateCheck = 1340;
				LastUpgradeCheck = 1340;
				TargetAttributes = {
					95B917AA293EBC870021B05A = {
						CreatedOnToolsVersion = 13.4.1;
					};
				};
			};
			buildConfigurationList = 95B917A6293EBC870021B05A /* Build configuration list for PBXProject "SpaceX MVVM" */;
			compatibilityVersion = "Xcode 13.0";
			developmentRegion = en;
			hasScannedForEncodings = 0;
			knownRegions = (
				en,
				Base,
			);
			mainGroup = 95B917A2293EBC870021B05A;
			productRefGroup = 95B917AC293EBC870021B05A /* Products */;
			projectDirPath = "";
			projectRoot = "";
			targets = (
				95B917AA293EBC870021B05A /* SpaceX MVVM */,
			);
		};
/* End PBXProject section */

/* Begin PBXResourcesBuildPhase section */
		95B917A9293EBC870021B05A /* Resources */ = {
			isa = PBXResourcesBuildPhase;
			buildActionMask = 2147483647;
			files = (
				95B917BB293EBC880021B05A /* LaunchScreen.storyboard in Resources */,
				95B917B8293EBC880021B05A /* Assets.xcassets in Resources */,
				95B917B6293EBC870021B05A /* Main.storyboard in Resources */,
			);
			runOnlyForDeploymentPostprocessing = 0;
		};
/* End PBXResourcesBuildPhase section */

/* Begin PBXShellScriptBuildPhase section */
		95B917FD294A4FA70021B05A /* ShellScript */ = {
			isa = PBXShellScriptBuildPhase;
			buildActionMask = 2147483647;
			files = (
			);
			inputFileListPaths = (
			);
			inputPaths = (
			);
			outputFileListPaths = (
			);
			outputPaths = (
			);
			runOnlyForDeploymentPostprocessing = 0;
			shellPath = /bin/sh;
			shellScript = "\"${PODS_ROOT}/SwiftLint/swiftlint\"\n";
		};
		E51208F34EF61970F12E0F5F /* [CP] Check Pods Manifest.lock */ = {
			isa = PBXShellScriptBuildPhase;
			buildActionMask = 2147483647;
			files = (
			);
			inputFileListPaths = (
			);
			inputPaths = (
				"${PODS_PODFILE_DIR_PATH}/Podfile.lock",
				"${PODS_ROOT}/Manifest.lock",
			);
			name = "[CP] Check Pods Manifest.lock";
			outputFileListPaths = (
			);
			outputPaths = (
				"$(DERIVED_FILE_DIR)/Pods-SpaceX MVVM-checkManifestLockResult.txt",
			);
			runOnlyForDeploymentPostprocessing = 0;
			shellPath = /bin/sh;
			shellScript = "diff \"${PODS_PODFILE_DIR_PATH}/Podfile.lock\" \"${PODS_ROOT}/Manifest.lock\" > /dev/null\nif [ $? != 0 ] ; then\n    # print error to STDERR\n    echo \"error: The sandbox is not in sync with the Podfile.lock. Run 'pod install' or update your CocoaPods installation.\" >&2\n    exit 1\nfi\n# This output is used by Xcode 'outputs' to avoid re-running this script phase.\necho \"SUCCESS\" > \"${SCRIPT_OUTPUT_FILE_0}\"\n";
			showEnvVarsInLog = 0;
		};
/* End PBXShellScriptBuildPhase section */

/* Begin PBXSourcesBuildPhase section */
		95B917A7293EBC870021B05A /* Sources */ = {
			isa = PBXSourcesBuildPhase;
			buildActionMask = 2147483647;
			files = (
				95B917E7294161700021B05A /* SettingsVC.swift in Sources */,
				95B917C3293EBE280021B05A /* RocketVerticalCell.swift in Sources */,
				95B917F32946C78D0021B05A /* LaunchModel.swift in Sources */,
				95B917B3293EBC870021B05A /* RocketVC.swift in Sources */,
				95B917EE2945A1030021B05A /* MainPageVC.swift in Sources */,
				95B917CE29403EC20021B05A /* GlobalSettings.swift in Sources */,
				95B917AF293EBC870021B05A /* AppDelegate.swift in Sources */,
				95B917D2294059D00021B05A /* NetworkLayer.swift in Sources */,
				95B917FC2946FA720021B05A /* LaunchViewModel.swift in Sources */,
				95B917FF294E4D4C0021B05A /* LaunchCellItem.swift in Sources */,
				95B917D4294059FF0021B05A /* RocketDataProvider.swift in Sources */,
				95B917E0294069D90021B05A /* RocketViewModel.swift in Sources */,
				95B917D0294054870021B05A /* RocketLaunchButtonCell.swift in Sources */,
				95B91809295A61E40021B05A /* RocketVerticalStageHeader.swift in Sources */,
				95B917C5294020B60021B05A /* RocketHeaderCell.swift in Sources */,
				95B91805294E83B70021B05A /* SettingsCellItem.swift in Sources */,
				95B917C7294026CB0021B05A /* RocketHorizontalItemCell.swift in Sources */,
				95B917D729405A230021B05A /* RocketModel.swift in Sources */,
				95B917EC294289DB0021B05A /* RocketCellItem.swift in Sources */,
				95B917EA294161D50021B05A /* SettingsCell.swift in Sources */,
				95B917F82946EB6D0021B05A /* LaunchVC.swift in Sources */,
				95B917E229406C450021B05A /* UserSettings.swift in Sources */,
				95B91802294E76CF0021B05A /* SettingsViewModel.swift in Sources */,
				95B917B1293EBC870021B05A /* SceneDelegate.swift in Sources */,
				95B917F62946DD1A0021B05A /* LaunchDataProvider.swift in Sources */,
				95B917FA2946EE1B0021B05A /* LaunchCell.swift in Sources */,
			);
			runOnlyForDeploymentPostprocessing = 0;
		};
/* End PBXSourcesBuildPhase section */

/* Begin PBXVariantGroup section */
		95B917B4293EBC870021B05A /* Main.storyboard */ = {
			isa = PBXVariantGroup;
			children = (
				95B917B5293EBC870021B05A /* Base */,
			);
			name = Main.storyboard;
			sourceTree = "<group>";
		};
		95B917B9293EBC880021B05A /* LaunchScreen.storyboard */ = {
			isa = PBXVariantGroup;
			children = (
				95B917BA293EBC880021B05A /* Base */,
			);
			name = LaunchScreen.storyboard;
			sourceTree = "<group>";
		};
/* End PBXVariantGroup section */

/* Begin XCBuildConfiguration section */
		95B917BD293EBC880021B05A /* Debug */ = {
			isa = XCBuildConfiguration;
			buildSettings = {
				ALWAYS_SEARCH_USER_PATHS = NO;
				CLANG_ANALYZER_NONNULL = YES;
				CLANG_ANALYZER_NUMBER_OBJECT_CONVERSION = YES_AGGRESSIVE;
				CLANG_CXX_LANGUAGE_STANDARD = "gnu++17";
				CLANG_ENABLE_MODULES = YES;
				CLANG_ENABLE_OBJC_ARC = YES;
				CLANG_ENABLE_OBJC_WEAK = YES;
				CLANG_WARN_BLOCK_CAPTURE_AUTORELEASING = YES;
				CLANG_WARN_BOOL_CONVERSION = YES;
				CLANG_WARN_COMMA = YES;
				CLANG_WARN_CONSTANT_CONVERSION = YES;
				CLANG_WARN_DEPRECATED_OBJC_IMPLEMENTATIONS = YES;
				CLANG_WARN_DIRECT_OBJC_ISA_USAGE = YES_ERROR;
				CLANG_WARN_DOCUMENTATION_COMMENTS = YES;
				CLANG_WARN_EMPTY_BODY = YES;
				CLANG_WARN_ENUM_CONVERSION = YES;
				CLANG_WARN_INFINITE_RECURSION = YES;
				CLANG_WARN_INT_CONVERSION = YES;
				CLANG_WARN_NON_LITERAL_NULL_CONVERSION = YES;
				CLANG_WARN_OBJC_IMPLICIT_RETAIN_SELF = YES;
				CLANG_WARN_OBJC_LITERAL_CONVERSION = YES;
				CLANG_WARN_OBJC_ROOT_CLASS = YES_ERROR;
				CLANG_WARN_QUOTED_INCLUDE_IN_FRAMEWORK_HEADER = YES;
				CLANG_WARN_RANGE_LOOP_ANALYSIS = YES;
				CLANG_WARN_STRICT_PROTOTYPES = YES;
				CLANG_WARN_SUSPICIOUS_MOVE = YES;
				CLANG_WARN_UNGUARDED_AVAILABILITY = YES_AGGRESSIVE;
				CLANG_WARN_UNREACHABLE_CODE = YES;
				CLANG_WARN__DUPLICATE_METHOD_MATCH = YES;
				COPY_PHASE_STRIP = NO;
				DEBUG_INFORMATION_FORMAT = dwarf;
				ENABLE_STRICT_OBJC_MSGSEND = YES;
				ENABLE_TESTABILITY = YES;
				GCC_C_LANGUAGE_STANDARD = gnu11;
				GCC_DYNAMIC_NO_PIC = NO;
				GCC_NO_COMMON_BLOCKS = YES;
				GCC_OPTIMIZATION_LEVEL = 0;
				GCC_PREPROCESSOR_DEFINITIONS = (
					"DEBUG=1",
					"$(inherited)",
				);
				GCC_WARN_64_TO_32_BIT_CONVERSION = YES;
				GCC_WARN_ABOUT_RETURN_TYPE = YES_ERROR;
				GCC_WARN_UNDECLARED_SELECTOR = YES;
				GCC_WARN_UNINITIALIZED_AUTOS = YES_AGGRESSIVE;
				GCC_WARN_UNUSED_FUNCTION = YES;
				GCC_WARN_UNUSED_VARIABLE = YES;
				IPHONEOS_DEPLOYMENT_TARGET = 15.5;
				MTL_ENABLE_DEBUG_INFO = INCLUDE_SOURCE;
				MTL_FAST_MATH = YES;
				ONLY_ACTIVE_ARCH = YES;
				SDKROOT = iphoneos;
				SWIFT_ACTIVE_COMPILATION_CONDITIONS = DEBUG;
				SWIFT_OPTIMIZATION_LEVEL = "-Onone";
			};
			name = Debug;
		};
		95B917BE293EBC880021B05A /* Release */ = {
			isa = XCBuildConfiguration;
			buildSettings = {
				ALWAYS_SEARCH_USER_PATHS = NO;
				CLANG_ANALYZER_NONNULL = YES;
				CLANG_ANALYZER_NUMBER_OBJECT_CONVERSION = YES_AGGRESSIVE;
				CLANG_CXX_LANGUAGE_STANDARD = "gnu++17";
				CLANG_ENABLE_MODULES = YES;
				CLANG_ENABLE_OBJC_ARC = YES;
				CLANG_ENABLE_OBJC_WEAK = YES;
				CLANG_WARN_BLOCK_CAPTURE_AUTORELEASING = YES;
				CLANG_WARN_BOOL_CONVERSION = YES;
				CLANG_WARN_COMMA = YES;
				CLANG_WARN_CONSTANT_CONVERSION = YES;
				CLANG_WARN_DEPRECATED_OBJC_IMPLEMENTATIONS = YES;
				CLANG_WARN_DIRECT_OBJC_ISA_USAGE = YES_ERROR;
				CLANG_WARN_DOCUMENTATION_COMMENTS = YES;
				CLANG_WARN_EMPTY_BODY = YES;
				CLANG_WARN_ENUM_CONVERSION = YES;
				CLANG_WARN_INFINITE_RECURSION = YES;
				CLANG_WARN_INT_CONVERSION = YES;
				CLANG_WARN_NON_LITERAL_NULL_CONVERSION = YES;
				CLANG_WARN_OBJC_IMPLICIT_RETAIN_SELF = YES;
				CLANG_WARN_OBJC_LITERAL_CONVERSION = YES;
				CLANG_WARN_OBJC_ROOT_CLASS = YES_ERROR;
				CLANG_WARN_QUOTED_INCLUDE_IN_FRAMEWORK_HEADER = YES;
				CLANG_WARN_RANGE_LOOP_ANALYSIS = YES;
				CLANG_WARN_STRICT_PROTOTYPES = YES;
				CLANG_WARN_SUSPICIOUS_MOVE = YES;
				CLANG_WARN_UNGUARDED_AVAILABILITY = YES_AGGRESSIVE;
				CLANG_WARN_UNREACHABLE_CODE = YES;
				CLANG_WARN__DUPLICATE_METHOD_MATCH = YES;
				COPY_PHASE_STRIP = NO;
				DEBUG_INFORMATION_FORMAT = "dwarf-with-dsym";
				ENABLE_NS_ASSERTIONS = NO;
				ENABLE_STRICT_OBJC_MSGSEND = YES;
				GCC_C_LANGUAGE_STANDARD = gnu11;
				GCC_NO_COMMON_BLOCKS = YES;
				GCC_WARN_64_TO_32_BIT_CONVERSION = YES;
				GCC_WARN_ABOUT_RETURN_TYPE = YES_ERROR;
				GCC_WARN_UNDECLARED_SELECTOR = YES;
				GCC_WARN_UNINITIALIZED_AUTOS = YES_AGGRESSIVE;
				GCC_WARN_UNUSED_FUNCTION = YES;
				GCC_WARN_UNUSED_VARIABLE = YES;
				IPHONEOS_DEPLOYMENT_TARGET = 15.5;
				MTL_ENABLE_DEBUG_INFO = NO;
				MTL_FAST_MATH = YES;
				SDKROOT = iphoneos;
				SWIFT_COMPILATION_MODE = wholemodule;
				SWIFT_OPTIMIZATION_LEVEL = "-O";
				VALIDATE_PRODUCT = YES;
			};
			name = Release;
		};
		95B917C0293EBC880021B05A /* Debug */ = {
			isa = XCBuildConfiguration;
			baseConfigurationReference = AF0E17AD49692B2DE2B3907B /* Pods-SpaceX MVVM.debug.xcconfig */;
			buildSettings = {
				ASSETCATALOG_COMPILER_APPICON_NAME = AppIcon;
				ASSETCATALOG_COMPILER_GLOBAL_ACCENT_COLOR_NAME = AccentColor;
				CODE_SIGN_STYLE = Automatic;
				CURRENT_PROJECT_VERSION = 1;
				DEVELOPMENT_TEAM = G4RSAT9MJX;
				GENERATE_INFOPLIST_FILE = YES;
				INFOPLIST_FILE = "SpaceX MVVM/Info.plist";
				INFOPLIST_KEY_UIApplicationSupportsIndirectInputEvents = YES;
				INFOPLIST_KEY_UILaunchStoryboardName = LaunchScreen;
				INFOPLIST_KEY_UISupportedInterfaceOrientations_iPad = "UIInterfaceOrientationPortrait UIInterfaceOrientationPortraitUpsideDown UIInterfaceOrientationLandscapeLeft UIInterfaceOrientationLandscapeRight";
				INFOPLIST_KEY_UISupportedInterfaceOrientations_iPhone = "UIInterfaceOrientationPortrait UIInterfaceOrientationLandscapeLeft UIInterfaceOrientationLandscapeRight";
				IPHONEOS_DEPLOYMENT_TARGET = 14.0;
				LD_RUNPATH_SEARCH_PATHS = (
					"$(inherited)",
					"@executable_path/Frameworks",
				);
				MARKETING_VERSION = 1.0;
				PRODUCT_BUNDLE_IDENTIFIER = "xlv.SpaceX-MVVM";
				PRODUCT_NAME = "$(TARGET_NAME)";
				SWIFT_EMIT_LOC_STRINGS = YES;
				SWIFT_VERSION = 5.0;
				TARGETED_DEVICE_FAMILY = "1,2";
			};
			name = Debug;
		};
		95B917C1293EBC880021B05A /* Release */ = {
			isa = XCBuildConfiguration;
			baseConfigurationReference = 2EF361C9B8BBDC93FF6C99E2 /* Pods-SpaceX MVVM.release.xcconfig */;
			buildSettings = {
				ASSETCATALOG_COMPILER_APPICON_NAME = AppIcon;
				ASSETCATALOG_COMPILER_GLOBAL_ACCENT_COLOR_NAME = AccentColor;
				CODE_SIGN_STYLE = Automatic;
				CURRENT_PROJECT_VERSION = 1;
				DEVELOPMENT_TEAM = G4RSAT9MJX;
				GENERATE_INFOPLIST_FILE = YES;
				INFOPLIST_FILE = "SpaceX MVVM/Info.plist";
				INFOPLIST_KEY_UIApplicationSupportsIndirectInputEvents = YES;
				INFOPLIST_KEY_UILaunchStoryboardName = LaunchScreen;
				INFOPLIST_KEY_UISupportedInterfaceOrientations_iPad = "UIInterfaceOrientationPortrait UIInterfaceOrientationPortraitUpsideDown UIInterfaceOrientationLandscapeLeft UIInterfaceOrientationLandscapeRight";
				INFOPLIST_KEY_UISupportedInterfaceOrientations_iPhone = "UIInterfaceOrientationPortrait UIInterfaceOrientationLandscapeLeft UIInterfaceOrientationLandscapeRight";
				IPHONEOS_DEPLOYMENT_TARGET = 14.0;
				LD_RUNPATH_SEARCH_PATHS = (
					"$(inherited)",
					"@executable_path/Frameworks",
				);
				MARKETING_VERSION = 1.0;
				PRODUCT_BUNDLE_IDENTIFIER = "xlv.SpaceX-MVVM";
				PRODUCT_NAME = "$(TARGET_NAME)";
				SWIFT_EMIT_LOC_STRINGS = YES;
				SWIFT_VERSION = 5.0;
				TARGETED_DEVICE_FAMILY = "1,2";
			};
			name = Release;
		};
/* End XCBuildConfiguration section */

/* Begin XCConfigurationList section */
		95B917A6293EBC870021B05A /* Build configuration list for PBXProject "SpaceX MVVM" */ = {
			isa = XCConfigurationList;
			buildConfigurations = (
				95B917BD293EBC880021B05A /* Debug */,
				95B917BE293EBC880021B05A /* Release */,
			);
			defaultConfigurationIsVisible = 0;
			defaultConfigurationName = Release;
		};
		95B917BF293EBC880021B05A /* Build configuration list for PBXNativeTarget "SpaceX MVVM" */ = {
			isa = XCConfigurationList;
			buildConfigurations = (
				95B917C0293EBC880021B05A /* Debug */,
				95B917C1293EBC880021B05A /* Release */,
			);
			defaultConfigurationIsVisible = 0;
			defaultConfigurationName = Release;
		};
/* End XCConfigurationList section */
	};
	rootObject = 95B917A3293EBC870021B05A /* Project object */;
}
